
Microsoft Visual Studio Solution File, Format Version 12.00
# Visual Studio Version 17
VisualStudioVersion = 17.12.35527.113
MinimumVisualStudioVersion = 10.0.40219.1
Project("{2150E333-8FDC-42A3-9474-1A3956D46DE8}") = "Task0", "Task0", "{6F52184D-7D9B-469D-AC77-4A31BE47C055}"
EndProject
Project("{FAE04EC0-301F-11D3-BF4B-00C04F79EFBC}") = "Tyuiu.StoletovNA.Sprint6.Task0.V30.Lib", "Tyuiu.StoletovNA.Sprint6.Task0.V30.Lib\Tyuiu.StoletovNA.Sprint6.Task0.V30.Lib.csproj", "{FC5BA486-CE9C-4ADA-BC0C-610E6C88E089}"
EndProject
Project("{FAE04EC0-301F-11D3-BF4B-00C04F79EFBC}") = "Tyuiu.StoletovNA.Sprint6.Task0.V30.Test", "Tyuiu.StoletovNA.Sprint6.Task0.V30.Test\Tyuiu.StoletovNA.Sprint6.Task0.V30.Test.csproj", "{E1A0DDEB-CCA1-422E-9A93-871C30F7B61C}"
EndProject
Project("{FAE04EC0-301F-11D3-BF4B-00C04F79EFBC}") = "Tyuiu.StoletovNA.Sprint6.Task0.V30", "Tyuiu.StoletovNA.Sprint6.Task0.V30\Tyuiu.StoletovNA.Sprint6.Task0.V30.csproj", "{70D28111-C1DD-45DC-A2BD-42B957F04548}"
EndProject
Project("{2150E333-8FDC-42A3-9474-1A3956D46DE8}") = "Task1", "Task1", "{C45359A3-DCCB-41E7-9290-615622EC9DB2}"
EndProject
Project("{FAE04EC0-301F-11D3-BF4B-00C04F79EFBC}") = "Tyuiu.StoletovNA.Sprint6.Task1.V20", "Tyuiu.StoletovNA.Sprint6.Task1.V20\Tyuiu.StoletovNA.Sprint6.Task1.V20.csproj", "{0D5E1E7A-E720-44C9-A229-AF9074B27367}"
EndProject
Project("{FAE04EC0-301F-11D3-BF4B-00C04F79EFBC}") = "Tyuiu.StoletovNA.Sprint6.Task1.V20.Lib", "Tyuiu.StoletovNA.Sprint6.Task1.V20.Lib\Tyuiu.StoletovNA.Sprint6.Task1.V20.Lib.csproj", "{358DBF38-75D8-4E48-918E-F1E77ADA744D}"
EndProject
Project("{FAE04EC0-301F-11D3-BF4B-00C04F79EFBC}") = "Tyuiu.StoletovNA.Sprint6.Task1.V20.Test", "Tyuiu.StoletovNA.Sprint6.Task1.V20.Test\Tyuiu.StoletovNA.Sprint6.Task1.V20.Test.csproj", "{987CEEFF-6246-495E-A85C-3F251804504E}"
EndProject
Project("{2150E333-8FDC-42A3-9474-1A3956D46DE8}") = "Task2", "Task2", "{C3CBB597-7D57-4850-B3EF-840D80A889F3}"
EndProject
Project("{FAE04EC0-301F-11D3-BF4B-00C04F79EFBC}") = "Tyuiu.StoletovNA.Sprint6.Task2.V3", "Tyuiu.StoletovNA.Sprint6.Task2.V3\Tyuiu.StoletovNA.Sprint6.Task2.V3.csproj", "{4FDD2963-F5B2-4816-BCE3-0D2E4F666313}"
EndProject
Project("{FAE04EC0-301F-11D3-BF4B-00C04F79EFBC}") = "Tyuiu.StoletovNA.Sprint6.Task2.V3.Lib", "Tyuiu.StoletovNA.Sprint6.Task2.V3.Lib\Tyuiu.StoletovNA.Sprint6.Task2.V3.Lib.csproj", "{EC0770D4-2F11-4202-967B-44FA59938091}"
EndProject
Project("{FAE04EC0-301F-11D3-BF4B-00C04F79EFBC}") = "Tyuiu.StoletovNA.Sprint6.Task2.V3.Test", "Tyuiu.StoletovNA.Sprint6.Task2.V3.Test\Tyuiu.StoletovNA.Sprint6.Task2.V3.Test.csproj", "{D3C91BF5-F6A3-4CFF-AA1D-E6E6F09A0CCC}"
EndProject
Project("{2150E333-8FDC-42A3-9474-1A3956D46DE8}") = "Task3", "Task3", "{DAEF8FBB-B75A-46F7-A15D-20A477F72084}"
EndProject
Project("{FAE04EC0-301F-11D3-BF4B-00C04F79EFBC}") = "Tyuiu.StoletovNA.Sprint6.Task3.V13", "Tyuiu.StoletovNA.Sprint6.Task3.V13\Tyuiu.StoletovNA.Sprint6.Task3.V13.csproj", "{6B02BD91-CC37-4D03-9DDF-7D66688374DD}"
EndProject
Project("{FAE04EC0-301F-11D3-BF4B-00C04F79EFBC}") = "Tyuiu.StoletovNA.Sprint6.Task3.V13.Lib", "Tyuiu.StoletovNA.Sprint6.Task3.V13.Lib\Tyuiu.StoletovNA.Sprint6.Task3.V13.Lib.csproj", "{CECE916E-2CB5-4C43-A986-B107D6755FF9}"
EndProject
Project("{FAE04EC0-301F-11D3-BF4B-00C04F79EFBC}") = "Tyuiu.StoletovNA.Sprint6.Task3.V13.Test", "Tyuiu.StoletovNA.Sprint6.Task3.V13.Test\Tyuiu.StoletovNA.Sprint6.Task3.V13.Test.csproj", "{5D67F17E-4ECA-4463-B51A-33020B3624D5}"
EndProject
Project("{2150E333-8FDC-42A3-9474-1A3956D46DE8}") = "Task4", "Task4", "{73D982B2-0FC2-4B2C-BE95-AA3312947A77}"
EndProject
Project("{FAE04EC0-301F-11D3-BF4B-00C04F79EFBC}") = "Tyuiu.StoletovNA.Sprint6.Task4.V25.Lib", "Tyuiu.StoletovNA.Sprint6.Task4.V25.Lib\Tyuiu.StoletovNA.Sprint6.Task4.V25.Lib.csproj", "{62FAD24C-0DBA-4BB8-AD99-5315947B0551}"
EndProject
Project("{FAE04EC0-301F-11D3-BF4B-00C04F79EFBC}") = "Tyuiu.StoletovNA.Sprint6.Task4.V25.Test", "Tyuiu.StoletovNA.Sprint6.Task4.V25.Test\Tyuiu.StoletovNA.Sprint6.Task4.V25.Test.csproj", "{22CA910E-D377-494C-B506-B3B459443E94}"
EndProject
Project("{FAE04EC0-301F-11D3-BF4B-00C04F79EFBC}") = "Tyuiu.StoletovNA.Sprint6.Task4.V25", "Tyuiu.StoletovNA.Sprint6.Task4.V25\Tyuiu.StoletovNA.Sprint6.Task4.V25.csproj", "{C2E685BA-5898-4015-A467-091A6C0C3432}"
EndProject
Project("{2150E333-8FDC-42A3-9474-1A3956D46DE8}") = "Task5", "Task5", "{83244C2D-4448-43D7-AFB4-8B9BDB1BE33C}"
EndProject
Project("{FAE04EC0-301F-11D3-BF4B-00C04F79EFBC}") = "Tyuiu.StoletovNA.Sprint6.Task5.V12.Lib", "Tyuiu.StoletovNA.Sprint6.Task5.V12.Lib\Tyuiu.StoletovNA.Sprint6.Task5.V12.Lib.csproj", "{CD278A13-31F3-4014-A749-9A18F37838FD}"
EndProject
Project("{FAE04EC0-301F-11D3-BF4B-00C04F79EFBC}") = "Tyuiu.StoletovNA.Sprint6.Task5.V12.Test", "Tyuiu.StoletovNA.Sprint6.Task5.V12.Test\Tyuiu.StoletovNA.Sprint6.Task5.V12.Test.csproj", "{2AFBCD36-1B68-4817-A131-666513C51411}"
EndProject
Project("{FAE04EC0-301F-11D3-BF4B-00C04F79EFBC}") = "Tyuiu.StoletovNA.Sprint6.Task5.V12", "Tyuiu.StoletovNA.Sprint6.Task5.V12\Tyuiu.StoletovNA.Sprint6.Task5.V12.csproj", "{024D6E0B-EE79-46AB-8343-02176981622E}"
EndProject
Project("{2150E333-8FDC-42A3-9474-1A3956D46DE8}") = "Task6", "Task6", "{93D94488-B3AE-459E-9D05-E9B8B8AB5D73}"
EndProject
Project("{FAE04EC0-301F-11D3-BF4B-00C04F79EFBC}") = "Tyuiu.StoletovNA.Sprint6.Task6.V22", "Tyuiu.StoletovNA.Sprint6.Task6.V22\Tyuiu.StoletovNA.Sprint6.Task6.V22.csproj", "{628FCC3B-144F-406B-8847-E4100A9C32B4}"
EndProject
Project("{FAE04EC0-301F-11D3-BF4B-00C04F79EFBC}") = "Tyuiu.StoletovNA.Sprint6.Task6.V22.Lib", "Tyuiu.StoletovNA.Sprint6.Task6.V22.Lib\Tyuiu.StoletovNA.Sprint6.Task6.V22.Lib.csproj", "{8114FCA7-0A69-4837-BA5A-314D179D6EE8}"
EndProject
Project("{FAE04EC0-301F-11D3-BF4B-00C04F79EFBC}") = "Tyuiu.StoletovNA.Sprint6.Task6.V22.Test", "Tyuiu.StoletovNA.Sprint6.Task6.V22.Test\Tyuiu.StoletovNA.Sprint6.Task6.V22.Test.csproj", "{6653B62B-E96A-43CF-B6D4-11252F65C2FB}"
EndProject
Global
	GlobalSection(SolutionConfigurationPlatforms) = preSolution
		Debug|Any CPU = Debug|Any CPU
		Release|Any CPU = Release|Any CPU
	EndGlobalSection
	GlobalSection(ProjectConfigurationPlatforms) = postSolution
		{FC5BA486-CE9C-4ADA-BC0C-610E6C88E089}.Debug|Any CPU.ActiveCfg = Debug|Any CPU
		{FC5BA486-CE9C-4ADA-BC0C-610E6C88E089}.Debug|Any CPU.Build.0 = Debug|Any CPU
		{FC5BA486-CE9C-4ADA-BC0C-610E6C88E089}.Release|Any CPU.ActiveCfg = Release|Any CPU
		{FC5BA486-CE9C-4ADA-BC0C-610E6C88E089}.Release|Any CPU.Build.0 = Release|Any CPU
		{E1A0DDEB-CCA1-422E-9A93-871C30F7B61C}.Debug|Any CPU.ActiveCfg = Debug|Any CPU
		{E1A0DDEB-CCA1-422E-9A93-871C30F7B61C}.Debug|Any CPU.Build.0 = Debug|Any CPU
		{E1A0DDEB-CCA1-422E-9A93-871C30F7B61C}.Release|Any CPU.ActiveCfg = Release|Any CPU
		{E1A0DDEB-CCA1-422E-9A93-871C30F7B61C}.Release|Any CPU.Build.0 = Release|Any CPU
		{70D28111-C1DD-45DC-A2BD-42B957F04548}.Debug|Any CPU.ActiveCfg = Debug|Any CPU
		{70D28111-C1DD-45DC-A2BD-42B957F04548}.Debug|Any CPU.Build.0 = Debug|Any CPU
		{70D28111-C1DD-45DC-A2BD-42B957F04548}.Release|Any CPU.ActiveCfg = Release|Any CPU
		{70D28111-C1DD-45DC-A2BD-42B957F04548}.Release|Any CPU.Build.0 = Release|Any CPU
		{0D5E1E7A-E720-44C9-A229-AF9074B27367}.Debug|Any CPU.ActiveCfg = Debug|Any CPU
		{0D5E1E7A-E720-44C9-A229-AF9074B27367}.Debug|Any CPU.Build.0 = Debug|Any CPU
		{0D5E1E7A-E720-44C9-A229-AF9074B27367}.Release|Any CPU.ActiveCfg = Release|Any CPU
		{0D5E1E7A-E720-44C9-A229-AF9074B27367}.Release|Any CPU.Build.0 = Release|Any CPU
		{358DBF38-75D8-4E48-918E-F1E77ADA744D}.Debug|Any CPU.ActiveCfg = Debug|Any CPU
		{358DBF38-75D8-4E48-918E-F1E77ADA744D}.Debug|Any CPU.Build.0 = Debug|Any CPU
		{358DBF38-75D8-4E48-918E-F1E77ADA744D}.Release|Any CPU.ActiveCfg = Release|Any CPU
		{358DBF38-75D8-4E48-918E-F1E77ADA744D}.Release|Any CPU.Build.0 = Release|Any CPU
		{987CEEFF-6246-495E-A85C-3F251804504E}.Debug|Any CPU.ActiveCfg = Debug|Any CPU
		{987CEEFF-6246-495E-A85C-3F251804504E}.Debug|Any CPU.Build.0 = Debug|Any CPU
		{987CEEFF-6246-495E-A85C-3F251804504E}.Release|Any CPU.ActiveCfg = Release|Any CPU
		{987CEEFF-6246-495E-A85C-3F251804504E}.Release|Any CPU.Build.0 = Release|Any CPU
		{4FDD2963-F5B2-4816-BCE3-0D2E4F666313}.Debug|Any CPU.ActiveCfg = Debug|Any CPU
		{4FDD2963-F5B2-4816-BCE3-0D2E4F666313}.Debug|Any CPU.Build.0 = Debug|Any CPU
		{4FDD2963-F5B2-4816-BCE3-0D2E4F666313}.Release|Any CPU.ActiveCfg = Release|Any CPU
		{4FDD2963-F5B2-4816-BCE3-0D2E4F666313}.Release|Any CPU.Build.0 = Release|Any CPU
		{EC0770D4-2F11-4202-967B-44FA59938091}.Debug|Any CPU.ActiveCfg = Debug|Any CPU
		{EC0770D4-2F11-4202-967B-44FA59938091}.Debug|Any CPU.Build.0 = Debug|Any CPU
		{EC0770D4-2F11-4202-967B-44FA59938091}.Release|Any CPU.ActiveCfg = Release|Any CPU
		{EC0770D4-2F11-4202-967B-44FA59938091}.Release|Any CPU.Build.0 = Release|Any CPU
		{D3C91BF5-F6A3-4CFF-AA1D-E6E6F09A0CCC}.Debug|Any CPU.ActiveCfg = Debug|Any CPU
		{D3C91BF5-F6A3-4CFF-AA1D-E6E6F09A0CCC}.Debug|Any CPU.Build.0 = Debug|Any CPU
		{D3C91BF5-F6A3-4CFF-AA1D-E6E6F09A0CCC}.Release|Any CPU.ActiveCfg = Release|Any CPU
		{D3C91BF5-F6A3-4CFF-AA1D-E6E6F09A0CCC}.Release|Any CPU.Build.0 = Release|Any CPU
		{6B02BD91-CC37-4D03-9DDF-7D66688374DD}.Debug|Any CPU.ActiveCfg = Debug|Any CPU
		{6B02BD91-CC37-4D03-9DDF-7D66688374DD}.Debug|Any CPU.Build.0 = Debug|Any CPU
		{6B02BD91-CC37-4D03-9DDF-7D66688374DD}.Release|Any CPU.ActiveCfg = Release|Any CPU
		{6B02BD91-CC37-4D03-9DDF-7D66688374DD}.Release|Any CPU.Build.0 = Release|Any CPU
		{CECE916E-2CB5-4C43-A986-B107D6755FF9}.Debug|Any CPU.ActiveCfg = Debug|Any CPU
		{CECE916E-2CB5-4C43-A986-B107D6755FF9}.Debug|Any CPU.Build.0 = Debug|Any CPU
		{CECE916E-2CB5-4C43-A986-B107D6755FF9}.Release|Any CPU.ActiveCfg = Release|Any CPU
		{CECE916E-2CB5-4C43-A986-B107D6755FF9}.Release|Any CPU.Build.0 = Release|Any CPU
		{5D67F17E-4ECA-4463-B51A-33020B3624D5}.Debug|Any CPU.ActiveCfg = Debug|Any CPU
		{5D67F17E-4ECA-4463-B51A-33020B3624D5}.Debug|Any CPU.Build.0 = Debug|Any CPU
		{5D67F17E-4ECA-4463-B51A-33020B3624D5}.Release|Any CPU.ActiveCfg = Release|Any CPU
		{5D67F17E-4ECA-4463-B51A-33020B3624D5}.Release|Any CPU.Build.0 = Release|Any CPU
		{62FAD24C-0DBA-4BB8-AD99-5315947B0551}.Debug|Any CPU.ActiveCfg = Debug|Any CPU
		{62FAD24C-0DBA-4BB8-AD99-5315947B0551}.Debug|Any CPU.Build.0 = Debug|Any CPU
		{62FAD24C-0DBA-4BB8-AD99-5315947B0551}.Release|Any CPU.ActiveCfg = Release|Any CPU
		{62FAD24C-0DBA-4BB8-AD99-5315947B0551}.Release|Any CPU.Build.0 = Release|Any CPU
		{22CA910E-D377-494C-B506-B3B459443E94}.Debug|Any CPU.ActiveCfg = Debug|Any CPU
		{22CA910E-D377-494C-B506-B3B459443E94}.Debug|Any CPU.Build.0 = Debug|Any CPU
		{22CA910E-D377-494C-B506-B3B459443E94}.Release|Any CPU.ActiveCfg = Release|Any CPU
		{22CA910E-D377-494C-B506-B3B459443E94}.Release|Any CPU.Build.0 = Release|Any CPU
		{C2E685BA-5898-4015-A467-091A6C0C3432}.Debug|Any CPU.ActiveCfg = Debug|Any CPU
		{C2E685BA-5898-4015-A467-091A6C0C3432}.Debug|Any CPU.Build.0 = Debug|Any CPU
		{C2E685BA-5898-4015-A467-091A6C0C3432}.Release|Any CPU.ActiveCfg = Release|Any CPU
		{C2E685BA-5898-4015-A467-091A6C0C3432}.Release|Any CPU.Build.0 = Release|Any CPU
		{CD278A13-31F3-4014-A749-9A18F37838FD}.Debug|Any CPU.ActiveCfg = Debug|Any CPU
		{CD278A13-31F3-4014-A749-9A18F37838FD}.Debug|Any CPU.Build.0 = Debug|Any CPU
		{CD278A13-31F3-4014-A749-9A18F37838FD}.Release|Any CPU.ActiveCfg = Release|Any CPU
		{CD278A13-31F3-4014-A749-9A18F37838FD}.Release|Any CPU.Build.0 = Release|Any CPU
		{2AFBCD36-1B68-4817-A131-666513C51411}.Debug|Any CPU.ActiveCfg = Debug|Any CPU
		{2AFBCD36-1B68-4817-A131-666513C51411}.Debug|Any CPU.Build.0 = Debug|Any CPU
		{2AFBCD36-1B68-4817-A131-666513C51411}.Release|Any CPU.ActiveCfg = Release|Any CPU
		{2AFBCD36-1B68-4817-A131-666513C51411}.Release|Any CPU.Build.0 = Release|Any CPU
		{024D6E0B-EE79-46AB-8343-02176981622E}.Debug|Any CPU.ActiveCfg = Debug|Any CPU
		{024D6E0B-EE79-46AB-8343-02176981622E}.Debug|Any CPU.Build.0 = Debug|Any CPU
		{024D6E0B-EE79-46AB-8343-02176981622E}.Release|Any CPU.ActiveCfg = Release|Any CPU
		{024D6E0B-EE79-46AB-8343-02176981622E}.Release|Any CPU.Build.0 = Release|Any CPU
		{628FCC3B-144F-406B-8847-E4100A9C32B4}.Debug|Any CPU.ActiveCfg = Debug|Any CPU
		{628FCC3B-144F-406B-8847-E4100A9C32B4}.Debug|Any CPU.Build.0 = Debug|Any CPU
		{628FCC3B-144F-406B-8847-E4100A9C32B4}.Release|Any CPU.ActiveCfg = Release|Any CPU
		{628FCC3B-144F-406B-8847-E4100A9C32B4}.Release|Any CPU.Build.0 = Release|Any CPU
		{8114FCA7-0A69-4837-BA5A-314D179D6EE8}.Debug|Any CPU.ActiveCfg = Debug|Any CPU
		{8114FCA7-0A69-4837-BA5A-314D179D6EE8}.Debug|Any CPU.Build.0 = Debug|Any CPU
		{8114FCA7-0A69-4837-BA5A-314D179D6EE8}.Release|Any CPU.ActiveCfg = Release|Any CPU
		{8114FCA7-0A69-4837-BA5A-314D179D6EE8}.Release|Any CPU.Build.0 = Release|Any CPU
		{6653B62B-E96A-43CF-B6D4-11252F65C2FB}.Debug|Any CPU.ActiveCfg = Debug|Any CPU
		{6653B62B-E96A-43CF-B6D4-11252F65C2FB}.Debug|Any CPU.Build.0 = Debug|Any CPU
		{6653B62B-E96A-43CF-B6D4-11252F65C2FB}.Release|Any CPU.ActiveCfg = Release|Any CPU
		{6653B62B-E96A-43CF-B6D4-11252F65C2FB}.Release|Any CPU.Build.0 = Release|Any CPU
	EndGlobalSection
	GlobalSection(SolutionProperties) = preSolution
		HideSolutionNode = FALSE
	EndGlobalSection
	GlobalSection(NestedProjects) = preSolution
		{FC5BA486-CE9C-4ADA-BC0C-610E6C88E089} = {6F52184D-7D9B-469D-AC77-4A31BE47C055}
		{E1A0DDEB-CCA1-422E-9A93-871C30F7B61C} = {6F52184D-7D9B-469D-AC77-4A31BE47C055}
		{70D28111-C1DD-45DC-A2BD-42B957F04548} = {6F52184D-7D9B-469D-AC77-4A31BE47C055}
		{0D5E1E7A-E720-44C9-A229-AF9074B27367} = {C45359A3-DCCB-41E7-9290-615622EC9DB2}
		{358DBF38-75D8-4E48-918E-F1E77ADA744D} = {C45359A3-DCCB-41E7-9290-615622EC9DB2}
		{987CEEFF-6246-495E-A85C-3F251804504E} = {C45359A3-DCCB-41E7-9290-615622EC9DB2}
		{4FDD2963-F5B2-4816-BCE3-0D2E4F666313} = {C3CBB597-7D57-4850-B3EF-840D80A889F3}
		{EC0770D4-2F11-4202-967B-44FA59938091} = {C3CBB597-7D57-4850-B3EF-840D80A889F3}
		{D3C91BF5-F6A3-4CFF-AA1D-E6E6F09A0CCC} = {C3CBB597-7D57-4850-B3EF-840D80A889F3}
		{6B02BD91-CC37-4D03-9DDF-7D66688374DD} = {DAEF8FBB-B75A-46F7-A15D-20A477F72084}
		{CECE916E-2CB5-4C43-A986-B107D6755FF9} = {DAEF8FBB-B75A-46F7-A15D-20A477F72084}
		{5D67F17E-4ECA-4463-B51A-33020B3624D5} = {DAEF8FBB-B75A-46F7-A15D-20A477F72084}
		{62FAD24C-0DBA-4BB8-AD99-5315947B0551} = {73D982B2-0FC2-4B2C-BE95-AA3312947A77}
		{22CA910E-D377-494C-B506-B3B459443E94} = {73D982B2-0FC2-4B2C-BE95-AA3312947A77}
		{C2E685BA-5898-4015-A467-091A6C0C3432} = {73D982B2-0FC2-4B2C-BE95-AA3312947A77}
		{CD278A13-31F3-4014-A749-9A18F37838FD} = {83244C2D-4448-43D7-AFB4-8B9BDB1BE33C}
		{2AFBCD36-1B68-4817-A131-666513C51411} = {83244C2D-4448-43D7-AFB4-8B9BDB1BE33C}
		{024D6E0B-EE79-46AB-8343-02176981622E} = {83244C2D-4448-43D7-AFB4-8B9BDB1BE33C}
		{628FCC3B-144F-406B-8847-E4100A9C32B4} = {93D94488-B3AE-459E-9D05-E9B8B8AB5D73}
		{8114FCA7-0A69-4837-BA5A-314D179D6EE8} = {93D94488-B3AE-459E-9D05-E9B8B8AB5D73}
		{6653B62B-E96A-43CF-B6D4-11252F65C2FB} = {93D94488-B3AE-459E-9D05-E9B8B8AB5D73}
	EndGlobalSection
EndGlobal
