
Microsoft Visual Studio Solution File, Format Version 12.00
# Visual Studio Version 17
VisualStudioVersion = 17.12.35527.113
MinimumVisualStudioVersion = 10.0.40219.1
Project("{2150E333-8FDC-42A3-9474-1A3956D46DE8}") = "Task0", "Task0", "{6F52184D-7D9B-469D-AC77-4A31BE47C055}"
EndProject
Project("{FAE04EC0-301F-11D3-BF4B-00C04F79EFBC}") = "Tyuiu.StoletovNA.Sprint6.Task0.V30.Lib", "Tyuiu.StoletovNA.Sprint6.Task0.V30.Lib\Tyuiu.StoletovNA.Sprint6.Task0.V30.Lib.csproj", "{FC5BA486-CE9C-4ADA-BC0C-610E6C88E089}"
EndProject
Project("{FAE04EC0-301F-11D3-BF4B-00C04F79EFBC}") = "Tyuiu.StoletovNA.Sprint6.Task0.V30.Test", "Tyuiu.StoletovNA.Sprint6.Task0.V30.Test\Tyuiu.StoletovNA.Sprint6.Task0.V30.Test.csproj", "{E1A0DDEB-CCA1-422E-9A93-871C30F7B61C}"
EndProject
Project("{FAE04EC0-301F-11D3-BF4B-00C04F79EFBC}") = "Tyuiu.StoletovNA.Sprint6.Task0.V30", "Tyuiu.StoletovNA.Sprint6.Task0.V30\Tyuiu.StoletovNA.Sprint6.Task0.V30.csproj", "{70D28111-C1DD-45DC-A2BD-42B957F04548}"
EndProject
Project("{2150E333-8FDC-42A3-9474-1A3956D46DE8}") = "Task1", "Task1", "{C45359A3-DCCB-41E7-9290-615622EC9DB2}"
EndProject
Project("{FAE04EC0-301F-11D3-BF4B-00C04F79EFBC}") = "Tyuiu.StoletovNA.Sprint6.Task1.V20", "Tyuiu.StoletovNA.Sprint6.Task1.V20\Tyuiu.StoletovNA.Sprint6.Task1.V20.csproj", "{0D5E1E7A-E720-44C9-A229-AF9074B27367}"
EndProject
Project("{FAE04EC0-301F-11D3-BF4B-00C04F79EFBC}") = "Tyuiu.StoletovNA.Sprint6.Task1.V20.Lib", "Tyuiu.StoletovNA.Sprint6.Task1.V20.Lib\Tyuiu.StoletovNA.Sprint6.Task1.V20.Lib.csproj", "{358DBF38-75D8-4E48-918E-F1E77ADA744D}"
EndProject
Project("{FAE04EC0-301F-11D3-BF4B-00C04F79EFBC}") = "Tyuiu.StoletovNA.Sprint6.Task1.V20.Test", "Tyuiu.StoletovNA.Sprint6.Task1.V20.Test\Tyuiu.StoletovNA.Sprint6.Task1.V20.Test.csproj", "{987CEEFF-6246-495E-A85C-3F251804504E}"
EndProject
Project("{2150E333-8FDC-42A3-9474-1A3956D46DE8}") = "Task2", "Task2", "{C3CBB597-7D57-4850-B3EF-840D80A889F3}"
EndProject
Project("{FAE04EC0-301F-11D3-BF4B-00C04F79EFBC}") = "Tyuiu.StoletovNA.Sprint6.Task2.V3", "Tyuiu.StoletovNA.Sprint6.Task2.V3\Tyuiu.StoletovNA.Sprint6.Task2.V3.csproj", "{4FDD2963-F5B2-4816-BCE3-0D2E4F666313}"
EndProject
Project("{FAE04EC0-301F-11D3-BF4B-00C04F79EFBC}") = "Tyuiu.StoletovNA.Sprint6.Task2.V3.Lib", "Tyuiu.StoletovNA.Sprint6.Task2.V3.Lib\Tyuiu.StoletovNA.Sprint6.Task2.V3.Lib.csproj", "{EC0770D4-2F11-4202-967B-44FA59938091}"
EndProject
Project("{FAE04EC0-301F-11D3-BF4B-00C04F79EFBC}") = "Tyuiu.StoletovNA.Sprint6.Task2.V3.Test", "Tyuiu.StoletovNA.Sprint6.Task2.V3.Test\Tyuiu.StoletovNA.Sprint6.Task2.V3.Test.csproj", "{D3C91BF5-F6A3-4CFF-AA1D-E6E6F09A0CCC}"
EndProject
Global
	GlobalSection(SolutionConfigurationPlatforms) = preSolution
		Debug|Any CPU = Debug|Any CPU
		Release|Any CPU = Release|Any CPU
	EndGlobalSection
	GlobalSection(ProjectConfigurationPlatforms) = postSolution
		{FC5BA486-CE9C-4ADA-BC0C-610E6C88E089}.Debug|Any CPU.ActiveCfg = Debug|Any CPU
		{FC5BA486-CE9C-4ADA-BC0C-610E6C88E089}.Debug|Any CPU.Build.0 = Debug|Any CPU
		{FC5BA486-CE9C-4ADA-BC0C-610E6C88E089}.Release|Any CPU.ActiveCfg = Release|Any CPU
		{FC5BA486-CE9C-4ADA-BC0C-610E6C88E089}.Release|Any CPU.Build.0 = Release|Any CPU
		{E1A0DDEB-CCA1-422E-9A93-871C30F7B61C}.Debug|Any CPU.ActiveCfg = Debug|Any CPU
		{E1A0DDEB-CCA1-422E-9A93-871C30F7B61C}.Debug|Any CPU.Build.0 = Debug|Any CPU
		{E1A0DDEB-CCA1-422E-9A93-871C30F7B61C}.Release|Any CPU.ActiveCfg = Release|Any CPU
		{E1A0DDEB-CCA1-422E-9A93-871C30F7B61C}.Release|Any CPU.Build.0 = Release|Any CPU
		{70D28111-C1DD-45DC-A2BD-42B957F04548}.Debug|Any CPU.ActiveCfg = Debug|Any CPU
		{70D28111-C1DD-45DC-A2BD-42B957F04548}.Debug|Any CPU.Build.0 = Debug|Any CPU
		{70D28111-C1DD-45DC-A2BD-42B957F04548}.Release|Any CPU.ActiveCfg = Release|Any CPU
		{70D28111-C1DD-45DC-A2BD-42B957F04548}.Release|Any CPU.Build.0 = Release|Any CPU
		{0D5E1E7A-E720-44C9-A229-AF9074B27367}.Debug|Any CPU.ActiveCfg = Debug|Any CPU
		{0D5E1E7A-E720-44C9-A229-AF9074B27367}.Debug|Any CPU.Build.0 = Debug|Any CPU
		{0D5E1E7A-E720-44C9-A229-AF9074B27367}.Release|Any CPU.ActiveCfg = Release|Any CPU
		{0D5E1E7A-E720-44C9-A229-AF9074B27367}.Release|Any CPU.Build.0 = Release|Any CPU
		{358DBF38-75D8-4E48-918E-F1E77ADA744D}.Debug|Any CPU.ActiveCfg = Debug|Any CPU
		{358DBF38-75D8-4E48-918E-F1E77ADA744D}.Debug|Any CPU.Build.0 = Debug|Any CPU
		{358DBF38-75D8-4E48-918E-F1E77ADA744D}.Release|Any CPU.ActiveCfg = Release|Any CPU
		{358DBF38-75D8-4E48-918E-F1E77ADA744D}.Release|Any CPU.Build.0 = Release|Any CPU
		{987CEEFF-6246-495E-A85C-3F251804504E}.Debug|Any CPU.ActiveCfg = Debug|Any CPU
		{987CEEFF-6246-495E-A85C-3F251804504E}.Debug|Any CPU.Build.0 = Debug|Any CPU
		{987CEEFF-6246-495E-A85C-3F251804504E}.Release|Any CPU.ActiveCfg = Release|Any CPU
		{987CEEFF-6246-495E-A85C-3F251804504E}.Release|Any CPU.Build.0 = Release|Any CPU
		{4FDD2963-F5B2-4816-BCE3-0D2E4F666313}.Debug|Any CPU.ActiveCfg = Debug|Any CPU
		{4FDD2963-F5B2-4816-BCE3-0D2E4F666313}.Debug|Any CPU.Build.0 = Debug|Any CPU
		{4FDD2963-F5B2-4816-BCE3-0D2E4F666313}.Release|Any CPU.ActiveCfg = Release|Any CPU
		{4FDD2963-F5B2-4816-BCE3-0D2E4F666313}.Release|Any CPU.Build.0 = Release|Any CPU
		{EC0770D4-2F11-4202-967B-44FA59938091}.Debug|Any CPU.ActiveCfg = Debug|Any CPU
		{EC0770D4-2F11-4202-967B-44FA59938091}.Debug|Any CPU.Build.0 = Debug|Any CPU
		{EC0770D4-2F11-4202-967B-44FA59938091}.Release|Any CPU.ActiveCfg = Release|Any CPU
		{EC0770D4-2F11-4202-967B-44FA59938091}.Release|Any CPU.Build.0 = Release|Any CPU
		{D3C91BF5-F6A3-4CFF-AA1D-E6E6F09A0CCC}.Debug|Any CPU.ActiveCfg = Debug|Any CPU
		{D3C91BF5-F6A3-4CFF-AA1D-E6E6F09A0CCC}.Debug|Any CPU.Build.0 = Debug|Any CPU
		{D3C91BF5-F6A3-4CFF-AA1D-E6E6F09A0CCC}.Release|Any CPU.ActiveCfg = Release|Any CPU
		{D3C91BF5-F6A3-4CFF-AA1D-E6E6F09A0CCC}.Release|Any CPU.Build.0 = Release|Any CPU
	EndGlobalSection
	GlobalSection(SolutionProperties) = preSolution
		HideSolutionNode = FALSE
	EndGlobalSection
	GlobalSection(NestedProjects) = preSolution
		{FC5BA486-CE9C-4ADA-BC0C-610E6C88E089} = {6F52184D-7D9B-469D-AC77-4A31BE47C055}
		{E1A0DDEB-CCA1-422E-9A93-871C30F7B61C} = {6F52184D-7D9B-469D-AC77-4A31BE47C055}
		{70D28111-C1DD-45DC-A2BD-42B957F04548} = {6F52184D-7D9B-469D-AC77-4A31BE47C055}
		{0D5E1E7A-E720-44C9-A229-AF9074B27367} = {C45359A3-DCCB-41E7-9290-615622EC9DB2}
		{358DBF38-75D8-4E48-918E-F1E77ADA744D} = {C45359A3-DCCB-41E7-9290-615622EC9DB2}
		{987CEEFF-6246-495E-A85C-3F251804504E} = {C45359A3-DCCB-41E7-9290-615622EC9DB2}
		{4FDD2963-F5B2-4816-BCE3-0D2E4F666313} = {C3CBB597-7D57-4850-B3EF-840D80A889F3}
		{EC0770D4-2F11-4202-967B-44FA59938091} = {C3CBB597-7D57-4850-B3EF-840D80A889F3}
		{D3C91BF5-F6A3-4CFF-AA1D-E6E6F09A0CCC} = {C3CBB597-7D57-4850-B3EF-840D80A889F3}
	EndGlobalSection
EndGlobal
